{
    "_readme": [
        "This file locks the dependencies of your project to a known state",
        "Read more about it at https://getcomposer.org/doc/01-basic-usage.md#installing-dependencies",
        "This file is @generated automatically"
    ],
    "content-hash": "b01bb4bece4a064ab84899a0f53d2244",
    "packages": [
        {
            "name": "symfony/polyfill",
            "version": "v1.26.0",
            "source": {
                "type": "git",
                "url": "https://github.com/symfony/polyfill.git",
                "reference": "d45b58e9f527e408fb28c4b6431b7284f8c168ff"
            },
            "dist": {
                "type": "zip",
                "url": "https://api.github.com/repos/symfony/polyfill/zipball/d45b58e9f527e408fb28c4b6431b7284f8c168ff",
                "reference": "d45b58e9f527e408fb28c4b6431b7284f8c168ff",
                "shasum": ""
            },
            "require": {
                "php": ">=7.1"
            },
            "replace": {
                "symfony/polyfill-apcu": "self.version",
                "symfony/polyfill-ctype": "self.version",
                "symfony/polyfill-iconv": "self.version",
                "symfony/polyfill-intl-grapheme": "self.version",
                "symfony/polyfill-intl-icu": "self.version",
                "symfony/polyfill-intl-idn": "self.version",
                "symfony/polyfill-intl-messageformatter": "self.version",
                "symfony/polyfill-intl-normalizer": "self.version",
                "symfony/polyfill-mbstring": "self.version",
                "symfony/polyfill-php72": "self.version",
                "symfony/polyfill-php73": "self.version",
                "symfony/polyfill-php74": "self.version",
                "symfony/polyfill-php80": "self.version",
                "symfony/polyfill-php81": "self.version",
                "symfony/polyfill-php82": "self.version",
                "symfony/polyfill-util": "self.version",
                "symfony/polyfill-uuid": "self.version",
                "symfony/polyfill-xml": "self.version"
            },
            "require-dev": {
                "symfony/intl": "^4.4|^5.0|^6.0",
                "symfony/phpunit-bridge": "^5.3|^6.0",
                "symfony/var-dumper": "^4.4|^5.1|^6.0"
            },
            "type": "library",
            "extra": {
                "branch-alias": {
                    "dev-main": "1.26-dev"
                }
            },
            "autoload": {
                "files": [
                    "src/bootstrap.php",
                    "src/Apcu/bootstrap.php",
                    "src/Ctype/bootstrap.php",
                    "src/Uuid/bootstrap.php",
                    "src/Iconv/bootstrap.php",
                    "src/Intl/Grapheme/bootstrap.php",
                    "src/Intl/Idn/bootstrap.php",
                    "src/Intl/Icu/bootstrap.php",
                    "src/Intl/MessageFormatter/bootstrap.php",
                    "src/Intl/Normalizer/bootstrap.php",
                    "src/Mbstring/bootstrap.php"
                ],
                "psr-4": {
                    "Symfony\\Polyfill\\": "src/"
                },
                "classmap": [
                    "src/Intl/Icu/Resources/stubs",
                    "src/Intl/MessageFormatter/Resources/stubs",
                    "src/Intl/Normalizer/Resources/stubs",
                    "src/Php82/Resources/stubs",
                    "src/Php80/Resources/stubs",
                    "src/Php73/Resources/stubs"
                ]
            },
            "notification-url": "https://packagist.org/downloads/",
            "license": [
                "MIT"
            ],
            "authors": [
                {
                    "name": "Nicolas Grekas",
                    "email": "p@tchwork.com"
                },
                {
                    "name": "Symfony Community",
                    "homepage": "https://symfony.com/contributors"
                }
            ],
            "description": "Symfony polyfills backporting features to lower PHP versions",
            "homepage": "https://symfony.com",
            "keywords": [
                "compat",
                "compatibility",
                "polyfill",
                "shim"
            ],
            "support": {
                "issues": "https://github.com/symfony/polyfill/issues",
                "source": "https://github.com/symfony/polyfill/tree/v1.26.0"
            },
            "funding": [
                {
                    "url": "https://symfony.com/sponsor",
                    "type": "custom"
                },
                {
                    "url": "https://github.com/fabpot",
                    "type": "github"
                },
                {
                    "url": "https://tidelift.com/funding/github/packagist/symfony/symfony",
                    "type": "tidelift"
                }
            ],
            "time": "2022-06-02T08:30:38+00:00"
        }
    ],
    "packages-dev": [
        {
            "name": "phpstan/phpstan",
            "version": "1.8.5",
            "source": {
                "type": "git",
                "url": "https://github.com/phpstan/phpstan.git",
                "reference": "f6598a5ff12ca4499a836815e08b4d77a2ddeb20"
            },
            "dist": {
                "type": "zip",
                "url": "https://api.github.com/repos/phpstan/phpstan/zipball/f6598a5ff12ca4499a836815e08b4d77a2ddeb20",
                "reference": "f6598a5ff12ca4499a836815e08b4d77a2ddeb20",
                "shasum": ""
            },
            "require": {
                "php": "^7.2|^8.0"
            },
            "conflict": {
                "phpstan/phpstan-shim": "*"
            },
            "bin": [
                "phpstan",
                "phpstan.phar"
            ],
            "type": "library",
            "autoload": {
                "files": [
                    "bootstrap.php"
                ]
            },
            "notification-url": "https://packagist.org/downloads/",
            "license": [
                "MIT"
            ],
            "description": "PHPStan - PHP Static Analysis Tool",
            "keywords": [
                "dev",
                "static analysis"
            ],
            "support": {
                "issues": "https://github.com/phpstan/phpstan/issues",
                "source": "https://github.com/phpstan/phpstan/tree/1.8.5"
            },
            "funding": [
                {
                    "url": "https://github.com/ondrejmirtes",
                    "type": "github"
                },
                {
                    "url": "https://github.com/phpstan",
                    "type": "github"
                },
                {
                    "url": "https://tidelift.com/funding/github/packagist/phpstan/phpstan",
                    "type": "tidelift"
                }
            ],
            "time": "2022-09-07T16:05:32+00:00"
        }
    ],
    "aliases": [],
    "minimum-stability": "stable",
    "stability-flags": [],
    "prefer-stable": false,
    "prefer-lowest": false,
    "platform": [],
    "platform-dev": [],
    "plugin-api-version": "2.3.0"
}
